# This file is autogenerated, do not edit; changes may be undone by the next 'dep ensure'.


[[projects]]
  digest = "1:4429803a6a1d3912cec6587ba0a0cb2a554e94d5bdfbf4106626014588516a06"
  name = "github.com/zenazn/goji"
  packages = [
    ".",
    "bind",
    "graceful",
    "graceful/listener",
    "web",
    "web/middleware",
    "web/mutil",
  ]
  pruneopts = "UT"
  revision = "64eb34159fe53473206c2b3e70fe396a639452f2"
  version = "v1.0"

[solve-meta]
  analyzer-name = "dep"
  analyzer-version = 1
  input-imports = [
    "github.com/zenazn/goji",
    "github.com/zenazn/goji/web",
  ]
  solver-name = "gps-cdcl"
  solver-version = 1
